
Microsoft Visual Studio Solution File, Format Version 12.00
Project("{FAE04EC0-301F-11D3-BF4B-00C04F79EFBC}") = "Lab6Task2", "Lab6Task2\Lab6Task2.csproj", "{7EEE0908-F0D4-4EA9-82E1-3A0976ABA7EA}"
EndProject
Project("{FAE04EC0-301F-11D3-BF4B-00C04F79EFBC}") = "TestProject1", "TestProject1\TestProject1.csproj", "{FA2C39E4-0142-4274-9056-7FE85301CABA}"
EndProject
Global
	GlobalSection(SolutionConfigurationPlatforms) = preSolution
		Debug|Any CPU = Debug|Any CPU
		Release|Any CPU = Release|Any CPU
	EndGlobalSection
	GlobalSection(ProjectConfigurationPlatforms) = postSolution
		{7EEE0908-F0D4-4EA9-82E1-3A0976ABA7EA}.Debug|Any CPU.ActiveCfg = Debug|Any CPU
		{7EEE0908-F0D4-4EA9-82E1-3A0976ABA7EA}.Debug|Any CPU.Build.0 = Debug|Any CPU
		{7EEE0908-F0D4-4EA9-82E1-3A0976ABA7EA}.Release|Any CPU.ActiveCfg = Release|Any CPU
		{7EEE0908-F0D4-4EA9-82E1-3A0976ABA7EA}.Release|Any CPU.Build.0 = Release|Any CPU
		{FA2C39E4-0142-4274-9056-7FE85301CABA}.Debug|Any CPU.ActiveCfg = Debug|Any CPU
		{FA2C39E4-0142-4274-9056-7FE85301CABA}.Debug|Any CPU.Build.0 = Debug|Any CPU
		{FA2C39E4-0142-4274-9056-7FE85301CABA}.Release|Any CPU.ActiveCfg = Release|Any CPU
		{FA2C39E4-0142-4274-9056-7FE85301CABA}.Release|Any CPU.Build.0 = Release|Any CPU
	EndGlobalSection
EndGlobal
